<?xml version="1.0" encoding="utf-8"?>
<Project ToolsVersion="4.0" xmlns="http://schemas.microsoft.com/developer/msbuild/2003">
  <ItemGroup>
    <Filter Include="Source Files">
      <UniqueIdentifier>{4FC737F1-C7A5-4376-A066-2A32D752A2FF}</UniqueIdentifier>
      <Extensions>cpp;c;cc;cxx;def;odl;idl;hpj;bat;asm;asmx</Extensions>
    </Filter>
    <Filter Include="Header Files">
      <UniqueIdentifier>{93995380-89BD-4b04-88EB-625FBE52EBFB}</UniqueIdentifier>
      <Extensions>h;hpp;hxx;hm;inl;inc;xsd</Extensions>
    </Filter>
    <Filter Include="Resource Files">
      <UniqueIdentifier>{67DA6AB6-F800-4c08-8B7A-83BB121AAD01}</UniqueIdentifier>
      <Extensions>rc;ico;cur;bmp;dlg;rc2;rct;bin;rgs;gif;jpg;jpeg;jpe;resx;tiff;tif;png;wav;mfcribbon-ms</Extensions>
    </Filter>
    <Filter Include="Driver Files">
      <UniqueIdentifier>{8E41214B-6785-4CFE-B992-037D68949A14}</UniqueIdentifier>
      <Extensions>inf;inv;inx;mof;mc;</Extensions>
    </Filter>
    <Filter Include="Source Files\NetworkFilter">
      <UniqueIdentifier>{9edfecac-8580-4576-8274-094ed2bcefbe}</UniqueIdentifier>
    </Filter>
    <Filter Include="Source Files\FilesystemFilter">
      <UniqueIdentifier>{16bf3f5e-43f3-4a53-be21-808a91aa4689}</UniqueIdentifier>
    </Filter>
    <Filter Include="Source Files\ProcessMonitor">
      <UniqueIdentifier>{64782243-4407-4365-b8a0-56d0a024f9de}</UniqueIdentifier>
    </Filter>
    <Filter Include="Source Files\Drv">
      <UniqueIdentifier>{93193904-33af-4294-a284-bd5b82320df3}</UniqueIdentifier>
    </Filter>
    <Filter Include="Source Files\Commons">
      <UniqueIdentifier>{fff0ddb4-1056-4efc-86b2-948cd58f3cad}</UniqueIdentifier>
    </Filter>
    <Filter Include="Source Files\Injection">
      <UniqueIdentifier>{2da61e22-4581-4e4e-81d4-d74c3a56774b}</UniqueIdentifier>
    </Filter>
  </ItemGroup>
  <ItemGroup>
    <ClCompile Include="ProcessMonitor\ProcessMonior.cpp">
      <Filter>Source Files\ProcessMonitor</Filter>
    </ClCompile>
    <ClCompile Include="Injection\injection.cpp">
      <Filter>Source Files\Injection</Filter>
    </ClCompile>
    <ClCompile Include="Drv\drv.cpp">
      <Filter>Source Files\Drv</Filter>
    </ClCompile>
  </ItemGroup>
  <ItemGroup>
    <ClInclude Include="ProcessMonitor\ProcessMonior.h">
      <Filter>Source Files\ProcessMonitor</Filter>
    </ClInclude>
    <ClInclude Include="Commons\commons.h">
      <Filter>Source Files\Commons</Filter>
    </ClInclude>
    <ClInclude Include="Injection\injection.h">
      <Filter>Source Files\Injection</Filter>
    </ClInclude>
    <ClInclude Include="Drv\drv.h">
      <Filter>Source Files\Drv</Filter>
    </ClInclude>
  </ItemGroup>
</Project>